
Microsoft Visual Studio Solution File, Format Version 12.00
# Visual Studio 15
VisualStudioVersion = 15.0.27703.2042
MinimumVisualStudioVersion = 10.0.40219.1
Project("{FAE04EC0-301F-11D3-BF4B-00C04F79EFBC}") = "CrossFinanceProject", "CrossFinanceProject\CrossFinanceProject.csproj", "{C9490874-B6CA-4B90-98B9-9814251DA81C}"
EndProject
Global
	GlobalSection(SolutionConfigurationPlatforms) = preSolution
		Debug|Any CPU = Debug|Any CPU
		Release|Any CPU = Release|Any CPU
	EndGlobalSection
	GlobalSection(ProjectConfigurationPlatforms) = postSolution
		{C9490874-B6CA-4B90-98B9-9814251DA81C}.Debug|Any CPU.ActiveCfg = Debug|Any CPU
		{C9490874-B6CA-4B90-98B9-9814251DA81C}.Debug|Any CPU.Build.0 = Debug|Any CPU
		{C9490874-B6CA-4B90-98B9-9814251DA81C}.Release|Any CPU.ActiveCfg = Release|Any CPU
		{C9490874-B6CA-4B90-98B9-9814251DA81C}.Release|Any CPU.Build.0 = Release|Any CPU
	EndGlobalSection
	GlobalSection(SolutionProperties) = preSolution
		HideSolutionNode = FALSE
	EndGlobalSection
	GlobalSection(ExtensibilityGlobals) = postSolution
		SolutionGuid = {B33CFB8A-3A7B-45AE-810E-20DC8E1DE81E}
	EndGlobalSection
EndGlobal
